
Microsoft Visual Studio Solution File, Format Version 12.00
# Visual Studio 2012
Project("{FAE04EC0-301F-11D3-BF4B-00C04F79EFBC}") = "Entities", "Entities\Entities.csproj", "{A815B8B7-BABC-413F-A50F-CD1D5EEA79E3}"
EndProject
Project("{FAE04EC0-301F-11D3-BF4B-00C04F79EFBC}") = "DataLayer", "DataLayer\DataLayer.csproj", "{BDC6EBC7-0242-45B8-987F-F44A5A4154B9}"
EndProject
Project("{FAE04EC0-301F-11D3-BF4B-00C04F79EFBC}") = "UI", "UI\UI.csproj", "{50801E43-C6A9-44A3-B730-765D62D6B5EC}"
EndProject
Project("{FAE04EC0-301F-11D3-BF4B-00C04F79EFBC}") = "WebUI", "WebUI\WebUI.csproj", "{53E04A12-1A8B-4859-8F42-6EFBFA64227B}"
EndProject
Global
	GlobalSection(SolutionConfigurationPlatforms) = preSolution
		Debug|Any CPU = Debug|Any CPU
		Release|Any CPU = Release|Any CPU
	EndGlobalSection
	GlobalSection(ProjectConfigurationPlatforms) = postSolution
		{A815B8B7-BABC-413F-A50F-CD1D5EEA79E3}.Debug|Any CPU.ActiveCfg = Debug|Any CPU
		{A815B8B7-BABC-413F-A50F-CD1D5EEA79E3}.Debug|Any CPU.Build.0 = Debug|Any CPU
		{A815B8B7-BABC-413F-A50F-CD1D5EEA79E3}.Release|Any CPU.ActiveCfg = Release|Any CPU
		{A815B8B7-BABC-413F-A50F-CD1D5EEA79E3}.Release|Any CPU.Build.0 = Release|Any CPU
		{BDC6EBC7-0242-45B8-987F-F44A5A4154B9}.Debug|Any CPU.ActiveCfg = Debug|Any CPU
		{BDC6EBC7-0242-45B8-987F-F44A5A4154B9}.Debug|Any CPU.Build.0 = Debug|Any CPU
		{BDC6EBC7-0242-45B8-987F-F44A5A4154B9}.Release|Any CPU.ActiveCfg = Release|Any CPU
		{BDC6EBC7-0242-45B8-987F-F44A5A4154B9}.Release|Any CPU.Build.0 = Release|Any CPU
		{50801E43-C6A9-44A3-B730-765D62D6B5EC}.Debug|Any CPU.ActiveCfg = Debug|Any CPU
		{50801E43-C6A9-44A3-B730-765D62D6B5EC}.Debug|Any CPU.Build.0 = Debug|Any CPU
		{50801E43-C6A9-44A3-B730-765D62D6B5EC}.Release|Any CPU.ActiveCfg = Release|Any CPU
		{50801E43-C6A9-44A3-B730-765D62D6B5EC}.Release|Any CPU.Build.0 = Release|Any CPU
		{53E04A12-1A8B-4859-8F42-6EFBFA64227B}.Debug|Any CPU.ActiveCfg = Debug|Any CPU
		{53E04A12-1A8B-4859-8F42-6EFBFA64227B}.Debug|Any CPU.Build.0 = Debug|Any CPU
		{53E04A12-1A8B-4859-8F42-6EFBFA64227B}.Release|Any CPU.ActiveCfg = Release|Any CPU
		{53E04A12-1A8B-4859-8F42-6EFBFA64227B}.Release|Any CPU.Build.0 = Release|Any CPU
	EndGlobalSection
	GlobalSection(SolutionProperties) = preSolution
		HideSolutionNode = FALSE
	EndGlobalSection
EndGlobal
